
Microsoft Visual Studio Solution File, Format Version 12.00
# Visual Studio 15
VisualStudioVersion = 15.0.27703.2035
MinimumVisualStudioVersion = 10.0.40219.1
Project("{9A19103F-16F7-4668-BE54-9A1E7A4F7556}") = "Colin.ASPNetCore.Template", "Colin.ASPNetCore.Template\Colin.ASPNetCore.Template.csproj", "{A57588F3-C96B-4141-8EAA-0B58D8072ABC}"
EndProject
Global
	GlobalSection(SolutionConfigurationPlatforms) = preSolution
		Debug|Any CPU = Debug|Any CPU
		Release|Any CPU = Release|Any CPU
	EndGlobalSection
	GlobalSection(ProjectConfigurationPlatforms) = postSolution
		{A57588F3-C96B-4141-8EAA-0B58D8072ABC}.Debug|Any CPU.ActiveCfg = Debug|Any CPU
		{A57588F3-C96B-4141-8EAA-0B58D8072ABC}.Debug|Any CPU.Build.0 = Debug|Any CPU
		{A57588F3-C96B-4141-8EAA-0B58D8072ABC}.Release|Any CPU.ActiveCfg = Release|Any CPU
		{A57588F3-C96B-4141-8EAA-0B58D8072ABC}.Release|Any CPU.Build.0 = Release|Any CPU
	EndGlobalSection
	GlobalSection(SolutionProperties) = preSolution
		HideSolutionNode = FALSE
	EndGlobalSection
	GlobalSection(ExtensibilityGlobals) = postSolution
		SolutionGuid = {380B0754-315B-4938-8189-E6B7100EE64F}
	EndGlobalSection
EndGlobal
